Microsoft Visual Studio Solution File, Format Version 12.00
# Visual Studio Version 17
VisualStudioVersion = 17.5.2.0
MinimumVisualStudioVersion = 10.0.40219.1
Project("{FAE04EC0-301F-11D3-BF4B-00C04F79EFBC}") = "VisualizedSorting", "VisualizedSorting.csproj", "{69C14D6E-183E-1231-2B8F-A64DA2BF167C}"
EndProject
Global
	GlobalSection(SolutionConfigurationPlatforms) = preSolution
		Debug|Any CPU = Debug|Any CPU
		Release|Any CPU = Release|Any CPU
	EndGlobalSection
	GlobalSection(ProjectConfigurationPlatforms) = postSolution
		{69C14D6E-183E-1231-2B8F-A64DA2BF167C}.Debug|Any CPU.ActiveCfg = Debug|Any CPU
		{69C14D6E-183E-1231-2B8F-A64DA2BF167C}.Debug|Any CPU.Build.0 = Debug|Any CPU
		{69C14D6E-183E-1231-2B8F-A64DA2BF167C}.Release|Any CPU.ActiveCfg = Release|Any CPU
		{69C14D6E-183E-1231-2B8F-A64DA2BF167C}.Release|Any CPU.Build.0 = Release|Any CPU
	EndGlobalSection
	GlobalSection(SolutionProperties) = preSolution
		HideSolutionNode = FALSE
	EndGlobalSection
	GlobalSection(ExtensibilityGlobals) = postSolution
		SolutionGuid = {F991EBF3-09FA-4B2C-AD86-AFCE8A83BA2F}
	EndGlobalSection
EndGlobal
